
Microsoft Visual Studio Solution File, Format Version 12.00
# Visual Studio Version 17
VisualStudioVersion = 17.7.33920.267
MinimumVisualStudioVersion = 10.0.40219.1
Project("{2150E333-8FDC-42A3-9474-1A3956D46DE8}") = "0 - Modeling and Design", "0 - Modeling and Design", "{B510C706-FD35-43AC-8EC3-658FCA2D2AF2}"
EndProject
Project("{2150E333-8FDC-42A3-9474-1A3956D46DE8}") = "1 - Layers", "1 - Layers", "{662CEA45-8C0F-45E9-827E-DD6EC295B484}"
EndProject
Project("{2150E333-8FDC-42A3-9474-1A3956D46DE8}") = "2 - Database", "2 - Database", "{C5C9A985-1AA2-4B32-9628-8035E0475D3D}"
EndProject
Project("{2150E333-8FDC-42A3-9474-1A3956D46DE8}") = "1.1 - Presentation", "1.1 - Presentation", "{A436C77A-5065-43F8-A838-F0696236114F}"
EndProject
Project("{2150E333-8FDC-42A3-9474-1A3956D46DE8}") = "1.2 - Distributed Services", "1.2 - Distributed Services", "{BD912A3D-5A0B-4505-85F5-688F9A6441BC}"
EndProject
Project("{2150E333-8FDC-42A3-9474-1A3956D46DE8}") = "1.3 - Application", "1.3 - Application", "{1C6D6760-F79F-4F4C-A7F0-0AB90D329A44}"
EndProject
Project("{2150E333-8FDC-42A3-9474-1A3956D46DE8}") = "1.4 - Domain", "1.4 - Domain", "{9638FDA5-282B-43F5-A64A-41AA304B7DC2}"
EndProject
Project("{2150E333-8FDC-42A3-9474-1A3956D46DE8}") = "1.5 - Infrastructure", "1.5 - Infrastructure", "{83A28083-FD0B-401E-86F9-2BD84F34F45F}"
EndProject
Project("{9A19103F-16F7-4668-BE54-9A1E7A4F7556}") = "VirtualMind.Test.WebApi", "VirtualMind.Test.WebApi\VirtualMind.Test.WebApi.csproj", "{A94FA7D7-E427-4846-AB99-E03C7955148F}"
EndProject
Project("{9A19103F-16F7-4668-BE54-9A1E7A4F7556}") = "VirtualMind.Test.Impl.ServiceLibrary", "VirtualMind.Test.Impl.ServiceLibrary\VirtualMind.Test.Impl.ServiceLibrary.csproj", "{4F3D6464-4362-4C85-9075-A6989DF5C880}"
EndProject
Project("{9A19103F-16F7-4668-BE54-9A1E7A4F7556}") = "VirtualMind.Test.Contracts.ServiceLibrary", "VirtualMind.Test.Contracts.ServiceLibrary\VirtualMind.Test.Contracts.ServiceLibrary.csproj", "{58086370-5EDE-46DC-A7CE-967B28BF988C}"
EndProject
Project("{2150E333-8FDC-42A3-9474-1A3956D46DE8}") = "1.4.1 - Core", "1.4.1 - Core", "{DD5B61F7-7235-4033-BCC4-FDCF95E41ED5}"
EndProject
Project("{2150E333-8FDC-42A3-9474-1A3956D46DE8}") = "1.5 - Infrastructure", "1.5 - Infrastructure", "{550B7005-70E5-4AF0-88F9-6BA24ECD0535}"
EndProject
Project("{2150E333-8FDC-42A3-9474-1A3956D46DE8}") = "1.5.1 - Data", "1.5.1 - Data", "{CF30B7CA-E12C-490F-9636-F40EF5ED711B}"
EndProject
Project("{2150E333-8FDC-42A3-9474-1A3956D46DE8}") = "1.5.2 - Cross Cutting", "1.5.2 - Cross Cutting", "{FD619835-223C-4779-9D13-62FD3C7DCBAF}"
EndProject
Project("{9A19103F-16F7-4668-BE54-9A1E7A4F7556}") = "VirtualMind.Test.EF", "VirtualMind.Test.EF\VirtualMind.Test.EF.csproj", "{4E4B5BB6-4544-4E50-AE2D-B623BE835269}"
EndProject
Project("{9A19103F-16F7-4668-BE54-9A1E7A4F7556}") = "VirtualMind.Test.Library", "VirtualMind.Test.Library\VirtualMind.Test.Library.csproj", "{699B712B-8EE4-4D6F-8278-2CD97B4B21A6}"
EndProject
Project("{9A19103F-16F7-4668-BE54-9A1E7A4F7556}") = "VirtualMind.Test.ExternalServices", "VirtualMind.Test.ExternalServices\VirtualMind.Test.ExternalServices.csproj", "{D9BBFFDC-B039-4BF8-BDF8-7B443CE8A169}"
EndProject
Project("{00D1A9C2-B5F0-4AF3-8072-F6C62B433612}") = "VirtualMind.Test.Database", "VirtualMind.Test.Database\VirtualMind.Test.Database.sqlproj", "{8355535A-BF99-4FAE-BF06-1B665B61FD56}"
EndProject
Project("{2150E333-8FDC-42A3-9474-1A3956D46DE8}") = "3 - Tests", "3 - Tests", "{1F33B580-552D-4DD0-BE82-2EEA9360C3F3}"
EndProject
Project("{9A19103F-16F7-4668-BE54-9A1E7A4F7556}") = "VirtualMind.Test.Tests", "VirtualMind.Test.Tests\VirtualMind.Test.Tests.csproj", "{E65DFFB7-0E71-40FE-85CD-38D09E4A6F75}"
EndProject
Global
	GlobalSection(SolutionConfigurationPlatforms) = preSolution
		Debug|Any CPU = Debug|Any CPU
		Release|Any CPU = Release|Any CPU
	EndGlobalSection
	GlobalSection(ProjectConfigurationPlatforms) = postSolution
		{A94FA7D7-E427-4846-AB99-E03C7955148F}.Debug|Any CPU.ActiveCfg = Debug|Any CPU
		{A94FA7D7-E427-4846-AB99-E03C7955148F}.Debug|Any CPU.Build.0 = Debug|Any CPU
		{A94FA7D7-E427-4846-AB99-E03C7955148F}.Release|Any CPU.ActiveCfg = Release|Any CPU
		{A94FA7D7-E427-4846-AB99-E03C7955148F}.Release|Any CPU.Build.0 = Release|Any CPU
		{4F3D6464-4362-4C85-9075-A6989DF5C880}.Debug|Any CPU.ActiveCfg = Debug|Any CPU
		{4F3D6464-4362-4C85-9075-A6989DF5C880}.Debug|Any CPU.Build.0 = Debug|Any CPU
		{4F3D6464-4362-4C85-9075-A6989DF5C880}.Release|Any CPU.ActiveCfg = Release|Any CPU
		{4F3D6464-4362-4C85-9075-A6989DF5C880}.Release|Any CPU.Build.0 = Release|Any CPU
		{58086370-5EDE-46DC-A7CE-967B28BF988C}.Debug|Any CPU.ActiveCfg = Debug|Any CPU
		{58086370-5EDE-46DC-A7CE-967B28BF988C}.Debug|Any CPU.Build.0 = Debug|Any CPU
		{58086370-5EDE-46DC-A7CE-967B28BF988C}.Release|Any CPU.ActiveCfg = Release|Any CPU
		{58086370-5EDE-46DC-A7CE-967B28BF988C}.Release|Any CPU.Build.0 = Release|Any CPU
		{4E4B5BB6-4544-4E50-AE2D-B623BE835269}.Debug|Any CPU.ActiveCfg = Debug|Any CPU
		{4E4B5BB6-4544-4E50-AE2D-B623BE835269}.Debug|Any CPU.Build.0 = Debug|Any CPU
		{4E4B5BB6-4544-4E50-AE2D-B623BE835269}.Release|Any CPU.ActiveCfg = Release|Any CPU
		{4E4B5BB6-4544-4E50-AE2D-B623BE835269}.Release|Any CPU.Build.0 = Release|Any CPU
		{699B712B-8EE4-4D6F-8278-2CD97B4B21A6}.Debug|Any CPU.ActiveCfg = Debug|Any CPU
		{699B712B-8EE4-4D6F-8278-2CD97B4B21A6}.Debug|Any CPU.Build.0 = Debug|Any CPU
		{699B712B-8EE4-4D6F-8278-2CD97B4B21A6}.Release|Any CPU.ActiveCfg = Release|Any CPU
		{699B712B-8EE4-4D6F-8278-2CD97B4B21A6}.Release|Any CPU.Build.0 = Release|Any CPU
		{D9BBFFDC-B039-4BF8-BDF8-7B443CE8A169}.Debug|Any CPU.ActiveCfg = Debug|Any CPU
		{D9BBFFDC-B039-4BF8-BDF8-7B443CE8A169}.Debug|Any CPU.Build.0 = Debug|Any CPU
		{D9BBFFDC-B039-4BF8-BDF8-7B443CE8A169}.Release|Any CPU.ActiveCfg = Release|Any CPU
		{D9BBFFDC-B039-4BF8-BDF8-7B443CE8A169}.Release|Any CPU.Build.0 = Release|Any CPU
		{8355535A-BF99-4FAE-BF06-1B665B61FD56}.Debug|Any CPU.ActiveCfg = Debug|Any CPU
		{8355535A-BF99-4FAE-BF06-1B665B61FD56}.Debug|Any CPU.Build.0 = Debug|Any CPU
		{8355535A-BF99-4FAE-BF06-1B665B61FD56}.Debug|Any CPU.Deploy.0 = Debug|Any CPU
		{8355535A-BF99-4FAE-BF06-1B665B61FD56}.Release|Any CPU.ActiveCfg = Release|Any CPU
		{8355535A-BF99-4FAE-BF06-1B665B61FD56}.Release|Any CPU.Build.0 = Release|Any CPU
		{8355535A-BF99-4FAE-BF06-1B665B61FD56}.Release|Any CPU.Deploy.0 = Release|Any CPU
		{E65DFFB7-0E71-40FE-85CD-38D09E4A6F75}.Debug|Any CPU.ActiveCfg = Debug|Any CPU
		{E65DFFB7-0E71-40FE-85CD-38D09E4A6F75}.Debug|Any CPU.Build.0 = Debug|Any CPU
		{E65DFFB7-0E71-40FE-85CD-38D09E4A6F75}.Release|Any CPU.ActiveCfg = Release|Any CPU
		{E65DFFB7-0E71-40FE-85CD-38D09E4A6F75}.Release|Any CPU.Build.0 = Release|Any CPU
	EndGlobalSection
	GlobalSection(SolutionProperties) = preSolution
		HideSolutionNode = FALSE
	EndGlobalSection
	GlobalSection(NestedProjects) = preSolution
		{A436C77A-5065-43F8-A838-F0696236114F} = {662CEA45-8C0F-45E9-827E-DD6EC295B484}
		{BD912A3D-5A0B-4505-85F5-688F9A6441BC} = {662CEA45-8C0F-45E9-827E-DD6EC295B484}
		{1C6D6760-F79F-4F4C-A7F0-0AB90D329A44} = {662CEA45-8C0F-45E9-827E-DD6EC295B484}
		{9638FDA5-282B-43F5-A64A-41AA304B7DC2} = {662CEA45-8C0F-45E9-827E-DD6EC295B484}
		{83A28083-FD0B-401E-86F9-2BD84F34F45F} = {662CEA45-8C0F-45E9-827E-DD6EC295B484}
		{A94FA7D7-E427-4846-AB99-E03C7955148F} = {BD912A3D-5A0B-4505-85F5-688F9A6441BC}
		{4F3D6464-4362-4C85-9075-A6989DF5C880} = {1C6D6760-F79F-4F4C-A7F0-0AB90D329A44}
		{58086370-5EDE-46DC-A7CE-967B28BF988C} = {1C6D6760-F79F-4F4C-A7F0-0AB90D329A44}
		{DD5B61F7-7235-4033-BCC4-FDCF95E41ED5} = {9638FDA5-282B-43F5-A64A-41AA304B7DC2}
		{550B7005-70E5-4AF0-88F9-6BA24ECD0535} = {9638FDA5-282B-43F5-A64A-41AA304B7DC2}
		{CF30B7CA-E12C-490F-9636-F40EF5ED711B} = {550B7005-70E5-4AF0-88F9-6BA24ECD0535}
		{FD619835-223C-4779-9D13-62FD3C7DCBAF} = {550B7005-70E5-4AF0-88F9-6BA24ECD0535}
		{4E4B5BB6-4544-4E50-AE2D-B623BE835269} = {CF30B7CA-E12C-490F-9636-F40EF5ED711B}
		{699B712B-8EE4-4D6F-8278-2CD97B4B21A6} = {DD5B61F7-7235-4033-BCC4-FDCF95E41ED5}
		{D9BBFFDC-B039-4BF8-BDF8-7B443CE8A169} = {1C6D6760-F79F-4F4C-A7F0-0AB90D329A44}
		{8355535A-BF99-4FAE-BF06-1B665B61FD56} = {C5C9A985-1AA2-4B32-9628-8035E0475D3D}
		{E65DFFB7-0E71-40FE-85CD-38D09E4A6F75} = {1F33B580-552D-4DD0-BE82-2EEA9360C3F3}
	EndGlobalSection
	GlobalSection(ExtensibilityGlobals) = postSolution
		SolutionGuid = {80A87A5A-7EBB-4C6C-ADF2-1A81B74CAF77}
	EndGlobalSection
EndGlobal
